// !$*UTF8*$!
{
	archiveVersion = 1;
	classes = {
	};
	objectVersion = 50;
	objects = {

/* Begin PBXBuildFile section */
		EFF95B7020A7846E00EC0C78 /* AppDelegate.swift in Sources */ = {isa = PBXBuildFile; fileRef = EFF95B6F20A7846E00EC0C78 /* AppDelegate.swift */; };
		EFF95B7220A7846E00EC0C78 /* ViewController.swift in Sources */ = {isa = PBXBuildFile; fileRef = EFF95B7120A7846E00EC0C78 /* ViewController.swift */; };
		EFF95B7520A7846E00EC0C78 /* Main.storyboard in Resources */ = {isa = PBXBuildFile; fileRef = EFF95B7320A7846E00EC0C78 /* Main.storyboard */; };
		EFF95B7720A7846F00EC0C78 /* Assets.xcassets in Resources */ = {isa = PBXBuildFile; fileRef = EFF95B7620A7846F00EC0C78 /* Assets.xcassets */; };
		EFF95B7A20A7846F00EC0C78 /* LaunchScreen.storyboard in Resources */ = {isa = PBXBuildFile; fileRef = EFF95B7820A7846F00EC0C78 /* LaunchScreen.storyboard */; };
		EFF95B8520A7846F00EC0C78 /* Life_CounterTests.swift in Sources */ = {isa = PBXBuildFile; fileRef = EFF95B8420A7846F00EC0C78 /* Life_CounterTests.swift */; };
		EFF95B9020A7846F00EC0C78 /* Life_CounterUITests.swift in Sources */ = {isa = PBXBuildFile; fileRef = EFF95B8F20A7846F00EC0C78 /* Life_CounterUITests.swift */; };
		EFF95BB020A8E4DB00EC0C78 /* Standard.swift in Sources */ = {isa = PBXBuildFile; fileRef = EFF95BAF20A8E4DB00EC0C78 /* Standard.swift */; };
		EFF95BB220A8E4FC00EC0C78 /* Commander.swift in Sources */ = {isa = PBXBuildFile; fileRef = EFF95BB120A8E4FC00EC0C78 /* Commander.swift */; };
/* End PBXBuildFile section */

/* Begin PBXContainerItemProxy section */
		EFF95B8120A7846F00EC0C78 /* PBXContainerItemProxy */ = {
			isa = PBXContainerItemProxy;
			containerPortal = EFF95B6420A7846E00EC0C78 /* Project object */;
			proxyType = 1;
			remoteGlobalIDString = EFF95B6B20A7846E00EC0C78;
			remoteInfo = "Life Counter";
		};
		EFF95B8C20A7846F00EC0C78 /* PBXContainerItemProxy */ = {
			isa = PBXContainerItemProxy;
			containerPortal = EFF95B6420A7846E00EC0C78 /* Project object */;
			proxyType = 1;
			remoteGlobalIDString = EFF95B6B20A7846E00EC0C78;
			remoteInfo = "Life Counter";
		};
/* End PBXContainerItemProxy section */

/* Begin PBXFileReference section */
		EFF95B6C20A7846E00EC0C78 /* Life Counter.app */ = {isa = PBXFileReference; explicitFileType = wrapper.application; includeInIndex = 0; path = "Life Counter.app"; sourceTree = BUILT_PRODUCTS_DIR; };
		EFF95B6F20A7846E00EC0C78 /* AppDelegate.swift */ = {isa = PBXFileReference; lastKnownFileType = sourcecode.swift; path = AppDelegate.swift; sourceTree = "<group>"; };
		EFF95B7120A7846E00EC0C78 /* ViewController.swift */ = {isa = PBXFileReference; lastKnownFileType = sourcecode.swift; path = ViewController.swift; sourceTree = "<group>"; };
		EFF95B7420A7846E00EC0C78 /* Base */ = {isa = PBXFileReference; lastKnownFileType = file.storyboard; name = Base; path = Base.lproj/Main.storyboard; sourceTree = "<group>"; };
		EFF95B7620A7846F00EC0C78 /* Assets.xcassets */ = {isa = PBXFileReference; lastKnownFileType = folder.assetcatalog; path = Assets.xcassets; sourceTree = "<group>"; };
		EFF95B7920A7846F00EC0C78 /* Base */ = {isa = PBXFileReference; lastKnownFileType = file.storyboard; name = Base; path = Base.lproj/LaunchScreen.storyboard; sourceTree = "<group>"; };
		EFF95B7B20A7846F00EC0C78 /* Info.plist */ = {isa = PBXFileReference; lastKnownFileType = text.plist.xml; path = Info.plist; sourceTree = "<group>"; };
		EFF95B8020A7846F00EC0C78 /* Life CounterTests.xctest */ = {isa = PBXFileReference; explicitFileType = wrapper.cfbundle; includeInIndex = 0; path = "Life CounterTests.xctest"; sourceTree = BUILT_PRODUCTS_DIR; };
		EFF95B8420A7846F00EC0C78 /* Life_CounterTests.swift */ = {isa = PBXFileReference; lastKnownFileType = sourcecode.swift; path = Life_CounterTests.swift; sourceTree = "<group>"; };
		EFF95B8620A7846F00EC0C78 /* Info.plist */ = {isa = PBXFileReference; lastKnownFileType = text.plist.xml; path = Info.plist; sourceTree = "<group>"; };
		EFF95B8B20A7846F00EC0C78 /* Life CounterUITests.xctest */ = {isa = PBXFileReference; explicitFileType = wrapper.cfbundle; includeInIndex = 0; path = "Life CounterUITests.xctest"; sourceTree = BUILT_PRODUCTS_DIR; };
		EFF95B8F20A7846F00EC0C78 /* Life_CounterUITests.swift */ = {isa = PBXFileReference; lastKnownFileType = sourcecode.swift; path = Life_CounterUITests.swift; sourceTree = "<group>"; };
		EFF95B9120A7846F00EC0C78 /* Info.plist */ = {isa = PBXFileReference; lastKnownFileType = text.plist.xml; path = Info.plist; sourceTree = "<group>"; };
		EFF95BAF20A8E4DB00EC0C78 /* Standard.swift */ = {isa = PBXFileReference; lastKnownFileType = sourcecode.swift; path = Standard.swift; sourceTree = "<group>"; };
		EFF95BB120A8E4FC00EC0C78 /* Commander.swift */ = {isa = PBXFileReference; lastKnownFileType = sourcecode.swift; path = Commander.swift; sourceTree = "<group>"; };
/* End PBXFileReference section */

/* Begin PBXFrameworksBuildPhase section */
		EFF95B6920A7846E00EC0C78 /* Frameworks */ = {
			isa = PBXFrameworksBuildPhase;
			buildActionMask = 2147483647;
			files = (
			);
			runOnlyForDeploymentPostprocessing = 0;
		};
		EFF95B7D20A7846F00EC0C78 /* Frameworks */ = {
			isa = PBXFrameworksBuildPhase;
			buildActionMask = 2147483647;
			files = (
			);
			runOnlyForDeploymentPostprocessing = 0;
		};
		EFF95B8820A7846F00EC0C78 /* Frameworks */ = {
			isa = PBXFrameworksBuildPhase;
			buildActionMask = 2147483647;
			files = (
			);
			runOnlyForDeploymentPostprocessing = 0;
		};
/* End PBXFrameworksBuildPhase section */

/* Begin PBXGroup section */
		EFF95B6320A7846E00EC0C78 = {
			isa = PBXGroup;
			children = (
				EFF95B6E20A7846E00EC0C78 /* Life Counter */,
				EFF95B8320A7846F00EC0C78 /* Life CounterTests */,
				EFF95B8E20A7846F00EC0C78 /* Life CounterUITests */,
				EFF95B6D20A7846E00EC0C78 /* Products */,
			);
			sourceTree = "<group>";
		};
		EFF95B6D20A7846E00EC0C78 /* Products */ = {
			isa = PBXGroup;
			children = (
				EFF95B6C20A7846E00EC0C78 /* Life Counter.app */,
				EFF95B8020A7846F00EC0C78 /* Life CounterTests.xctest */,
				EFF95B8B20A7846F00EC0C78 /* Life CounterUITests.xctest */,
			);
			name = Products;
			sourceTree = "<group>";
		};
		EFF95B6E20A7846E00EC0C78 /* Life Counter */ = {
			isa = PBXGroup;
			children = (
				EFF95B6F20A7846E00EC0C78 /* AppDelegate.swift */,
				EFF95BAF20A8E4DB00EC0C78 /* Standard.swift */,
				EFF95BB120A8E4FC00EC0C78 /* Commander.swift */,
				EFF95B7120A7846E00EC0C78 /* ViewController.swift */,
				EFF95B7320A7846E00EC0C78 /* Main.storyboard */,
				EFF95B7620A7846F00EC0C78 /* Assets.xcassets */,
				EFF95B7820A7846F00EC0C78 /* LaunchScreen.storyboard */,
				EFF95B7B20A7846F00EC0C78 /* Info.plist */,
			);
			path = "Life Counter";
			sourceTree = "<group>";
		};
		EFF95B8320A7846F00EC0C78 /* Life CounterTests */ = {
			isa = PBXGroup;
			children = (
				EFF95B8420A7846F00EC0C78 /* Life_CounterTests.swift */,
				EFF95B8620A7846F00EC0C78 /* Info.plist */,
			);
			path = "Life CounterTests";
			sourceTree = "<group>";
		};
		EFF95B8E20A7846F00EC0C78 /* Life CounterUITests */ = {
			isa = PBXGroup;
			children = (
				EFF95B8F20A7846F00EC0C78 /* Life_CounterUITests.swift */,
				EFF95B9120A7846F00EC0C78 /* Info.plist */,
			);
			path = "Life CounterUITests";
			sourceTree = "<group>";
		};
/* End PBXGroup section */

/* Begin PBXNativeTarget section */
		EFF95B6B20A7846E00EC0C78 /* Life Counter */ = {
			isa = PBXNativeTarget;
			buildConfigurationList = EFF95B9420A7846F00EC0C78 /* Build configuration list for PBXNativeTarget "Life Counter" */;
			buildPhases = (
				EFF95B6820A7846E00EC0C78 /* Sources */,
				EFF95B6920A7846E00EC0C78 /* Frameworks */,
				EFF95B6A20A7846E00EC0C78 /* Resources */,
			);
			buildRules = (
			);
			dependencies = (
			);
			name = "Life Counter";
			productName = "Life Counter";
			productReference = EFF95B6C20A7846E00EC0C78 /* Life Counter.app */;
			productType = "com.apple.product-type.application";
		};
		EFF95B7F20A7846F00EC0C78 /* Life CounterTests */ = {
			isa = PBXNativeTarget;
			buildConfigurationList = EFF95B9720A7846F00EC0C78 /* Build configuration list for PBXNativeTarget "Life CounterTests" */;
			buildPhases = (
				EFF95B7C20A7846F00EC0C78 /* Sources */,
				EFF95B7D20A7846F00EC0C78 /* Frameworks */,
				EFF95B7E20A7846F00EC0C78 /* Resources */,
			);
			buildRules = (
			);
			dependencies = (
				EFF95B8220A7846F00EC0C78 /* PBXTargetDependency */,
			);
			name = "Life CounterTests";
			productName = "Life CounterTests";
			productReference = EFF95B8020A7846F00EC0C78 /* Life CounterTests.xctest */;
			productType = "com.apple.product-type.bundle.unit-test";
		};
		EFF95B8A20A7846F00EC0C78 /* Life CounterUITests */ = {
			isa = PBXNativeTarget;
			buildConfigurationList = EFF95B9A20A7846F00EC0C78 /* Build configuration list for PBXNativeTarget "Life CounterUITests" */;
			buildPhases = (
				EFF95B8720A7846F00EC0C78 /* Sources */,
				EFF95B8820A7846F00EC0C78 /* Frameworks */,
				EFF95B8920A7846F00EC0C78 /* Resources */,
			);
			buildRules = (
			);
			dependencies = (
				EFF95B8D20A7846F00EC0C78 /* PBXTargetDependency */,
			);
			name = "Life CounterUITests";
			productName = "Life CounterUITests";
			productReference = EFF95B8B20A7846F00EC0C78 /* Life CounterUITests.xctest */;
			productType = "com.apple.product-type.bundle.ui-testing";
		};
/* End PBXNativeTarget section */

/* Begin PBXProject section */
		EFF95B6420A7846E00EC0C78 /* Project object */ = {
			isa = PBXProject;
			attributes = {
				LastSwiftUpdateCheck = 0930;
				LastUpgradeCheck = 0930;
				ORGANIZATIONNAME = BarrettPCSolutions;
				TargetAttributes = {
					EFF95B6B20A7846E00EC0C78 = {
						CreatedOnToolsVersion = 9.3.1;
					};
					EFF95B7F20A7846F00EC0C78 = {
						CreatedOnToolsVersion = 9.3.1;
						TestTargetID = EFF95B6B20A7846E00EC0C78;
					};
					EFF95B8A20A7846F00EC0C78 = {
						CreatedOnToolsVersion = 9.3.1;
						TestTargetID = EFF95B6B20A7846E00EC0C78;
					};
				};
			};
			buildConfigurationList = EFF95B6720A7846E00EC0C78 /* Build configuration list for PBXProject "Life Counter" */;
			compatibilityVersion = "Xcode 9.3";
			developmentRegion = en;
			hasScannedForEncodings = 0;
			knownRegions = (
				en,
				Base,
			);
			mainGroup = EFF95B6320A7846E00EC0C78;
			productRefGroup = EFF95B6D20A7846E00EC0C78 /* Products */;
			projectDirPath = "";
			projectRoot = "";
			targets = (
				EFF95B6B20A7846E00EC0C78 /* Life Counter */,
				EFF95B7F20A7846F00EC0C78 /* Life CounterTests */,
				EFF95B8A20A7846F00EC0C78 /* Life CounterUITests */,
			);
		};
/* End PBXProject section */

/* Begin PBXResourcesBuildPhase section */
		EFF95B6A20A7846E00EC0C78 /* Resources */ = {
			isa = PBXResourcesBuildPhase;
			buildActionMask = 2147483647;
			files = (
				EFF95B7A20A7846F00EC0C78 /* LaunchScreen.storyboard in Resources */,
				EFF95B7720A7846F00EC0C78 /* Assets.xcassets in Resources */,
				EFF95B7520A7846E00EC0C78 /* Main.storyboard in Resources */,
			);
			runOnlyForDeploymentPostprocessing = 0;
		};
		EFF95B7E20A7846F00EC0C78 /* Resources */ = {
			isa = PBXResourcesBuildPhase;
			buildActionMask = 2147483647;
			files = (
			);
			runOnlyForDeploymentPostprocessing = 0;
		};
		EFF95B8920A7846F00EC0C78 /* Resources */ = {
			isa = PBXResourcesBuildPhase;
			buildActionMask = 2147483647;
			files = (
			);
			runOnlyForDeploymentPostprocessing = 0;
		};
/* End PBXResourcesBuildPhase section */

/* Begin PBXSourcesBuildPhase section */
		EFF95B6820A7846E00EC0C78 /* Sources */ = {
			isa = PBXSourcesBuildPhase;
			buildActionMask = 2147483647;
			files = (
				EFF95BB220A8E4FC00EC0C78 /* Commander.swift in Sources */,
				EFF95BB020A8E4DB00EC0C78 /* Standard.swift in Sources */,
				EFF95B7220A7846E00EC0C78 /* ViewController.swift in Sources */,
				EFF95B7020A7846E00EC0C78 /* AppDelegate.swift in Sources */,
			);
			runOnlyForDeploymentPostprocessing = 0;
		};
		EFF95B7C20A7846F00EC0C78 /* Sources */ = {
			isa = PBXSourcesBuildPhase;
			buildActionMask = 2147483647;
			files = (
				EFF95B8520A7846F00EC0C78 /* Life_CounterTests.swift in Sources */,
			);
			runOnlyForDeploymentPostprocessing = 0;
		};
		EFF95B8720A7846F00EC0C78 /* Sources */ = {
			isa = PBXSourcesBuildPhase;
			buildActionMask = 2147483647;
			files = (
				EFF95B9020A7846F00EC0C78 /* Life_CounterUITests.swift in Sources */,
			);
			runOnlyForDeploymentPostprocessing = 0;
		};
/* End PBXSourcesBuildPhase section */

/* Begin PBXTargetDependency section */
		EFF95B8220A7846F00EC0C78 /* PBXTargetDependency */ = {
			isa = PBXTargetDependency;
			target = EFF95B6B20A7846E00EC0C78 /* Life Counter */;
			targetProxy = EFF95B8120A7846F00EC0C78 /* PBXContainerItemProxy */;
		};
		EFF95B8D20A7846F00EC0C78 /* PBXTargetDependency */ = {
			isa = PBXTargetDependency;
			target = EFF95B6B20A7846E00EC0C78 /* Life Counter */;
			targetProxy = EFF95B8C20A7846F00EC0C78 /* PBXContainerItemProxy */;
		};
/* End PBXTargetDependency section */

/* Begin PBXVariantGroup section */
		EFF95B7320A7846E00EC0C78 /* Main.storyboard */ = {
			isa = PBXVariantGroup;
			children = (
				EFF95B7420A7846E00EC0C78 /* Base */,
			);
			name = Main.storyboard;
			sourceTree = "<group>";
		};
		EFF95B7820A7846F00EC0C78 /* LaunchScreen.storyboard */ = {
			isa = PBXVariantGroup;
			children = (
				EFF95B7920A7846F00EC0C78 /* Base */,
			);
			name = LaunchScreen.storyboard;
			sourceTree = "<group>";
		};
/* End PBXVariantGroup section */

/* Begin XCBuildConfiguration section */
		EFF95B9220A7846F00EC0C78 /* Debug */ = {
			isa = XCBuildConfiguration;
			buildSettings = {
				ALWAYS_SEARCH_USER_PATHS = NO;
				CLANG_ANALYZER_NONNULL = YES;
				CLANG_ANALYZER_NUMBER_OBJECT_CONVERSION = YES_AGGRESSIVE;
				CLANG_CXX_LANGUAGE_STANDARD = "gnu++14";
				CLANG_CXX_LIBRARY = "libc++";
				CLANG_ENABLE_MODULES = YES;
				CLANG_ENABLE_OBJC_ARC = YES;
				CLANG_ENABLE_OBJC_WEAK = YES;
				CLANG_WARN_BLOCK_CAPTURE_AUTORELEASING = YES;
				CLANG_WARN_BOOL_CONVERSION = YES;
				CLANG_WARN_COMMA = YES;
				CLANG_WARN_CONSTANT_CONVERSION = YES;
				CLANG_WARN_DEPRECATED_OBJC_IMPLEMENTATIONS = YES;
				CLANG_WARN_DIRECT_OBJC_ISA_USAGE = YES_ERROR;
				CLANG_WARN_DOCUMENTATION_COMMENTS = YES;
				CLANG_WARN_EMPTY_BODY = YES;
				CLANG_WARN_ENUM_CONVERSION = YES;
				CLANG_WARN_INFINITE_RECURSION = YES;
				CLANG_WARN_INT_CONVERSION = YES;
				CLANG_WARN_NON_LITERAL_NULL_CONVERSION = YES;
				CLANG_WARN_OBJC_IMPLICIT_RETAIN_SELF = YES;
				CLANG_WARN_OBJC_LITERAL_CONVERSION = YES;
				CLANG_WARN_OBJC_ROOT_CLASS = YES_ERROR;
				CLANG_WARN_RANGE_LOOP_ANALYSIS = YES;
				CLANG_WARN_STRICT_PROTOTYPES = YES;
				CLANG_WARN_SUSPICIOUS_MOVE = YES;
				CLANG_WARN_UNGUARDED_AVAILABILITY = YES_AGGRESSIVE;
				CLANG_WARN_UNREACHABLE_CODE = YES;
				CLANG_WARN__DUPLICATE_METHOD_MATCH = YES;
				CODE_SIGN_IDENTITY = "iPhone Developer";
				COPY_PHASE_STRIP = NO;
				DEBUG_INFORMATION_FORMAT = dwarf;
				ENABLE_STRICT_OBJC_MSGSEND = YES;
				ENABLE_TESTABILITY = YES;
				GCC_C_LANGUAGE_STANDARD = gnu11;
				GCC_DYNAMIC_NO_PIC = NO;
				GCC_NO_COMMON_BLOCKS = YES;
				GCC_OPTIMIZATION_LEVEL = 0;
				GCC_PREPROCESSOR_DEFINITIONS = (
					"DEBUG=1",
					"$(inherited)",
				);
				GCC_WARN_64_TO_32_BIT_CONVERSION = YES;
				GCC_WARN_ABOUT_RETURN_TYPE = YES_ERROR;
				GCC_WARN_UNDECLARED_SELECTOR = YES;
				GCC_WARN_UNINITIALIZED_AUTOS = YES_AGGRESSIVE;
				GCC_WARN_UNUSED_FUNCTION = YES;
				GCC_WARN_UNUSED_VARIABLE = YES;
				IPHONEOS_DEPLOYMENT_TARGET = 11.3;
				MTL_ENABLE_DEBUG_INFO = YES;
				ONLY_ACTIVE_ARCH = YES;
				SDKROOT = iphoneos;
				SWIFT_ACTIVE_COMPILATION_CONDITIONS = DEBUG;
				SWIFT_OPTIMIZATION_LEVEL = "-Onone";
			};
			name = Debug;
		};
		EFF95B9320A7846F00EC0C78 /* Release */ = {
			isa = XCBuildConfiguration;
			buildSettings = {
				ALWAYS_SEARCH_USER_PATHS = NO;
				CLANG_ANALYZER_NONNULL = YES;
				CLANG_ANALYZER_NUMBER_OBJECT_CONVERSION = YES_AGGRESSIVE;
				CLANG_CXX_LANGUAGE_STANDARD = "gnu++14";
				CLANG_CXX_LIBRARY = "libc++";
				CLANG_ENABLE_MODULES = YES;
				CLANG_ENABLE_OBJC_ARC = YES;
				CLANG_ENABLE_OBJC_WEAK = YES;
				CLANG_WARN_BLOCK_CAPTURE_AUTORELEASING = YES;
				CLANG_WARN_BOOL_CONVERSION = YES;
				CLANG_WARN_COMMA = YES;
				CLANG_WARN_CONSTANT_CONVERSION = YES;
				CLANG_WARN_DEPRECATED_OBJC_IMPLEMENTATIONS = YES;
				CLANG_WARN_DIRECT_OBJC_ISA_USAGE = YES_ERROR;
				CLANG_WARN_DOCUMENTATION_COMMENTS = YES;
				CLANG_WARN_EMPTY_BODY = YES;
				CLANG_WARN_ENUM_CONVERSION = YES;
				CLANG_WARN_INFINITE_RECURSION = YES;
				CLANG_WARN_INT_CONVERSION = YES;
				CLANG_WARN_NON_LITERAL_NULL_CONVERSION = YES;
				CLANG_WARN_OBJC_IMPLICIT_RETAIN_SELF = YES;
				CLANG_WARN_OBJC_LITERAL_CONVERSION = YES;
				CLANG_WARN_OBJC_ROOT_CLASS = YES_ERROR;
				CLANG_WARN_RANGE_LOOP_ANALYSIS = YES;
				CLANG_WARN_STRICT_PROTOTYPES = YES;
				CLANG_WARN_SUSPICIOUS_MOVE = YES;
				CLANG_WARN_UNGUARDED_AVAILABILITY = YES_AGGRESSIVE;
				CLANG_WARN_UNREACHABLE_CODE = YES;
				CLANG_WARN__DUPLICATE_METHOD_MATCH = YES;
				CODE_SIGN_IDENTITY = "iPhone Developer";
				COPY_PHASE_STRIP = NO;
				DEBUG_INFORMATION_FORMAT = "dwarf-with-dsym";
				ENABLE_NS_ASSERTIONS = NO;
				ENABLE_STRICT_OBJC_MSGSEND = YES;
				GCC_C_LANGUAGE_STANDARD = gnu11;
				GCC_NO_COMMON_BLOCKS = YES;
				GCC_WARN_64_TO_32_BIT_CONVERSION = YES;
				GCC_WARN_ABOUT_RETURN_TYPE = YES_ERROR;
				GCC_WARN_UNDECLARED_SELECTOR = YES;
				GCC_WARN_UNINITIALIZED_AUTOS = YES_AGGRESSIVE;
				GCC_WARN_UNUSED_FUNCTION = YES;
				GCC_WARN_UNUSED_VARIABLE = YES;
				IPHONEOS_DEPLOYMENT_TARGET = 11.3;
				MTL_ENABLE_DEBUG_INFO = NO;
				SDKROOT = iphoneos;
				SWIFT_COMPILATION_MODE = wholemodule;
				SWIFT_OPTIMIZATION_LEVEL = "-O";
				VALIDATE_PRODUCT = YES;
			};
			name = Release;
		};
		EFF95B9520A7846F00EC0C78 /* Debug */ = {
			isa = XCBuildConfiguration;
			buildSettings = {
				ASSETCATALOG_COMPILER_APPICON_NAME = AppIcon;
				CODE_SIGN_STYLE = Automatic;
				DEVELOPMENT_TEAM = Q38VRHW498;
				INFOPLIST_FILE = "Life Counter/Info.plist";
				LD_RUNPATH_SEARCH_PATHS = (
					"$(inherited)",
					"@executable_path/Frameworks",
				);
				PRODUCT_BUNDLE_IDENTIFIER = "BarrettPC.Life-Counter";
				PRODUCT_NAME = "$(TARGET_NAME)";
				SWIFT_VERSION = 4.0;
				TARGETED_DEVICE_FAMILY = "1,2";
			};
			name = Debug;
		};
		EFF95B9620A7846F00EC0C78 /* Release */ = {
			isa = XCBuildConfiguration;
			buildSettings = {
				ASSETCATALOG_COMPILER_APPICON_NAME = AppIcon;
				CODE_SIGN_STYLE = Automatic;
				DEVELOPMENT_TEAM = Q38VRHW498;
				INFOPLIST_FILE = "Life Counter/Info.plist";
				LD_RUNPATH_SEARCH_PATHS = (
					"$(inherited)",
					"@executable_path/Frameworks",
				);
				PRODUCT_BUNDLE_IDENTIFIER = "BarrettPC.Life-Counter";
				PRODUCT_NAME = "$(TARGET_NAME)";
				SWIFT_VERSION = 4.0;
				TARGETED_DEVICE_FAMILY = "1,2";
			};
			name = Release;
		};
		EFF95B9820A7846F00EC0C78 /* Debug */ = {
			isa = XCBuildConfiguration;
			buildSettings = {
				ALWAYS_EMBED_SWIFT_STANDARD_LIBRARIES = YES;
				BUNDLE_LOADER = "$(TEST_HOST)";
				CODE_SIGN_STYLE = Automatic;
				DEVELOPMENT_TEAM = Q38VRHW498;
				INFOPLIST_FILE = "Life CounterTests/Info.plist";
				LD_RUNPATH_SEARCH_PATHS = (
					"$(inherited)",
					"@executable_path/Frameworks",
					"@loader_path/Frameworks",
				);
				PRODUCT_BUNDLE_IDENTIFIER = "BarrettPC.Life-CounterTests";
				PRODUCT_NAME = "$(TARGET_NAME)";
				SWIFT_VERSION = 4.0;
				TARGETED_DEVICE_FAMILY = "1,2";
				TEST_HOST = "$(BUILT_PRODUCTS_DIR)/Life Counter.app/Life Counter";
			};
			name = Debug;
		};
		EFF95B9920A7846F00EC0C78 /* Release */ = {
			isa = XCBuildConfiguration;
			buildSettings = {
				ALWAYS_EMBED_SWIFT_STANDARD_LIBRARIES = YES;
				BUNDLE_LOADER = "$(TEST_HOST)";
				CODE_SIGN_STYLE = Automatic;
				DEVELOPMENT_TEAM = Q38VRHW498;
				INFOPLIST_FILE = "Life CounterTests/Info.plist";
				LD_RUNPATH_SEARCH_PATHS = (
					"$(inherited)",
					"@executable_path/Frameworks",
					"@loader_path/Frameworks",
				);
				PRODUCT_BUNDLE_IDENTIFIER = "BarrettPC.Life-CounterTests";
				PRODUCT_NAME = "$(TARGET_NAME)";
				SWIFT_VERSION = 4.0;
				TARGETED_DEVICE_FAMILY = "1,2";
				TEST_HOST = "$(BUILT_PRODUCTS_DIR)/Life Counter.app/Life Counter";
			};
			name = Release;
		};
		EFF95B9B20A7846F00EC0C78 /* Debug */ = {
			isa = XCBuildConfiguration;
			buildSettings = {
				ALWAYS_EMBED_SWIFT_STANDARD_LIBRARIES = YES;
				CODE_SIGN_STYLE = Automatic;
				DEVELOPMENT_TEAM = Q38VRHW498;
				INFOPLIST_FILE = "Life CounterUITests/Info.plist";
				LD_RUNPATH_SEARCH_PATHS = (
					"$(inherited)",
					"@executable_path/Frameworks",
					"@loader_path/Frameworks",
				);
				PRODUCT_BUNDLE_IDENTIFIER = "BarrettPC.Life-CounterUITests";
				PRODUCT_NAME = "$(TARGET_NAME)";
				SWIFT_VERSION = 4.0;
				TARGETED_DEVICE_FAMILY = "1,2";
				TEST_TARGET_NAME = "Life Counter";
			};
			name = Debug;
		};
		EFF95B9C20A7846F00EC0C78 /* Release */ = {
			isa = XCBuildConfiguration;
			buildSettings = {
				ALWAYS_EMBED_SWIFT_STANDARD_LIBRARIES = YES;
				CODE_SIGN_STYLE = Automatic;
				DEVELOPMENT_TEAM = Q38VRHW498;
				INFOPLIST_FILE = "Life CounterUITests/Info.plist";
				LD_RUNPATH_SEARCH_PATHS = (
					"$(inherited)",
					"@executable_path/Frameworks",
					"@loader_path/Frameworks",
				);
				PRODUCT_BUNDLE_IDENTIFIER = "BarrettPC.Life-CounterUITests";
				PRODUCT_NAME = "$(TARGET_NAME)";
				SWIFT_VERSION = 4.0;
				TARGETED_DEVICE_FAMILY = "1,2";
				TEST_TARGET_NAME = "Life Counter";
			};
			name = Release;
		};
/* End XCBuildConfiguration section */

/* Begin XCConfigurationList section */
		EFF95B6720A7846E00EC0C78 /* Build configuration list for PBXProject "Life Counter" */ = {
			isa = XCConfigurationList;
			buildConfigurations = (
				EFF95B9220A7846F00EC0C78 /* Debug */,
				EFF95B9320A7846F00EC0C78 /* Release */,
			);
			defaultConfigurationIsVisible = 0;
			defaultConfigurationName = Release;
		};
		EFF95B9420A7846F00EC0C78 /* Build configuration list for PBXNativeTarget "Life Counter" */ = {
			isa = XCConfigurationList;
			buildConfigurations = (
				EFF95B9520A7846F00EC0C78 /* Debug */,
				EFF95B9620A7846F00EC0C78 /* Release */,
			);
			defaultConfigurationIsVisible = 0;
			defaultConfigurationName = Release;
		};
		EFF95B9720A7846F00EC0C78 /* Build configuration list for PBXNativeTarget "Life CounterTests" */ = {
			isa = XCConfigurationList;
			buildConfigurations = (
				EFF95B9820A7846F00EC0C78 /* Debug */,
				EFF95B9920A7846F00EC0C78 /* Release */,
			);
			defaultConfigurationIsVisible = 0;
			defaultConfigurationName = Release;
		};
		EFF95B9A20A7846F00EC0C78 /* Build configuration list for PBXNativeTarget "Life CounterUITests" */ = {
			isa = XCConfigurationList;
			buildConfigurations = (
				EFF95B9B20A7846F00EC0C78 /* Debug */,
				EFF95B9C20A7846F00EC0C78 /* Release */,
			);
			defaultConfigurationIsVisible = 0;
			defaultConfigurationName = Release;
		};
/* End XCConfigurationList section */
	};
	rootObject = EFF95B6420A7846E00EC0C78 /* Project object */;
}
